
Microsoft Visual Studio Solution File, Format Version 12.00
# Visual Studio 15
VisualStudioVersion = 15.0.26124.0
MinimumVisualStudioVersion = 15.0.26124.0
Project("{9A19103F-16F7-4668-BE54-9A1E7A4F7556}") = "Books.API", "src\Books.API\Books.API.csproj", "{1E598AAD-B11F-4E3B-AFA2-23549911B984}"
EndProject
Project("{9A19103F-16F7-4668-BE54-9A1E7A4F7556}") = "Books.Core", "src\Books.Core\Books.Core.csproj", "{8DA1B3BD-8538-4142-BCBD-5FD1B6D825E2}"
EndProject
Project("{FAE04EC0-301F-11D3-BF4B-00C04F79EFBC}") = "Unit.Tests", "tests\Unit.Tests\Unit.Tests.csproj", "{7EE763E8-5ACE-494F-97F2-61DA563B4CE2}"
EndProject
Project("{FAE04EC0-301F-11D3-BF4B-00C04F79EFBC}") = "Integration.Tests", "tests\Integration.Tests\Integration.Tests.csproj", "{1FF64A9D-4E05-4582-80FE-1EDD9F3C82ED}"
EndProject
Project("{FAE04EC0-301F-11D3-BF4B-00C04F79EFBC}") = "Books.Infrastructure", "src\Books.Infrastructure\Books.Infrastructure.csproj", "{CD4BFA6B-84F1-404D-9929-373F8A161741}"
EndProject
Global
	GlobalSection(SolutionConfigurationPlatforms) = preSolution
		Debug|Any CPU = Debug|Any CPU
		Debug|x64 = Debug|x64
		Debug|x86 = Debug|x86
		Release|Any CPU = Release|Any CPU
		Release|x64 = Release|x64
		Release|x86 = Release|x86
	EndGlobalSection
	GlobalSection(ProjectConfigurationPlatforms) = postSolution
		{1E598AAD-B11F-4E3B-AFA2-23549911B984}.Debug|Any CPU.ActiveCfg = Debug|Any CPU
		{1E598AAD-B11F-4E3B-AFA2-23549911B984}.Debug|Any CPU.Build.0 = Debug|Any CPU
		{1E598AAD-B11F-4E3B-AFA2-23549911B984}.Debug|x64.ActiveCfg = Debug|Any CPU
		{1E598AAD-B11F-4E3B-AFA2-23549911B984}.Debug|x64.Build.0 = Debug|Any CPU
		{1E598AAD-B11F-4E3B-AFA2-23549911B984}.Debug|x86.ActiveCfg = Debug|Any CPU
		{1E598AAD-B11F-4E3B-AFA2-23549911B984}.Debug|x86.Build.0 = Debug|Any CPU
		{1E598AAD-B11F-4E3B-AFA2-23549911B984}.Release|Any CPU.ActiveCfg = Release|Any CPU
		{1E598AAD-B11F-4E3B-AFA2-23549911B984}.Release|Any CPU.Build.0 = Release|Any CPU
		{1E598AAD-B11F-4E3B-AFA2-23549911B984}.Release|x64.ActiveCfg = Release|Any CPU
		{1E598AAD-B11F-4E3B-AFA2-23549911B984}.Release|x64.Build.0 = Release|Any CPU
		{1E598AAD-B11F-4E3B-AFA2-23549911B984}.Release|x86.ActiveCfg = Release|Any CPU
		{1E598AAD-B11F-4E3B-AFA2-23549911B984}.Release|x86.Build.0 = Release|Any CPU
		{8DA1B3BD-8538-4142-BCBD-5FD1B6D825E2}.Debug|Any CPU.ActiveCfg = Debug|Any CPU
		{8DA1B3BD-8538-4142-BCBD-5FD1B6D825E2}.Debug|Any CPU.Build.0 = Debug|Any CPU
		{8DA1B3BD-8538-4142-BCBD-5FD1B6D825E2}.Debug|x64.ActiveCfg = Debug|Any CPU
		{8DA1B3BD-8538-4142-BCBD-5FD1B6D825E2}.Debug|x64.Build.0 = Debug|Any CPU
		{8DA1B3BD-8538-4142-BCBD-5FD1B6D825E2}.Debug|x86.ActiveCfg = Debug|Any CPU
		{8DA1B3BD-8538-4142-BCBD-5FD1B6D825E2}.Debug|x86.Build.0 = Debug|Any CPU
		{8DA1B3BD-8538-4142-BCBD-5FD1B6D825E2}.Release|Any CPU.ActiveCfg = Release|Any CPU
		{8DA1B3BD-8538-4142-BCBD-5FD1B6D825E2}.Release|Any CPU.Build.0 = Release|Any CPU
		{8DA1B3BD-8538-4142-BCBD-5FD1B6D825E2}.Release|x64.ActiveCfg = Release|Any CPU
		{8DA1B3BD-8538-4142-BCBD-5FD1B6D825E2}.Release|x64.Build.0 = Release|Any CPU
		{8DA1B3BD-8538-4142-BCBD-5FD1B6D825E2}.Release|x86.ActiveCfg = Release|Any CPU
		{8DA1B3BD-8538-4142-BCBD-5FD1B6D825E2}.Release|x86.Build.0 = Release|Any CPU
		{7EE763E8-5ACE-494F-97F2-61DA563B4CE2}.Debug|Any CPU.ActiveCfg = Debug|Any CPU
		{7EE763E8-5ACE-494F-97F2-61DA563B4CE2}.Debug|Any CPU.Build.0 = Debug|Any CPU
		{7EE763E8-5ACE-494F-97F2-61DA563B4CE2}.Debug|x64.ActiveCfg = Debug|Any CPU
		{7EE763E8-5ACE-494F-97F2-61DA563B4CE2}.Debug|x64.Build.0 = Debug|Any CPU
		{7EE763E8-5ACE-494F-97F2-61DA563B4CE2}.Debug|x86.ActiveCfg = Debug|Any CPU
		{7EE763E8-5ACE-494F-97F2-61DA563B4CE2}.Debug|x86.Build.0 = Debug|Any CPU
		{7EE763E8-5ACE-494F-97F2-61DA563B4CE2}.Release|Any CPU.ActiveCfg = Release|Any CPU
		{7EE763E8-5ACE-494F-97F2-61DA563B4CE2}.Release|Any CPU.Build.0 = Release|Any CPU
		{7EE763E8-5ACE-494F-97F2-61DA563B4CE2}.Release|x64.ActiveCfg = Release|Any CPU
		{7EE763E8-5ACE-494F-97F2-61DA563B4CE2}.Release|x64.Build.0 = Release|Any CPU
		{7EE763E8-5ACE-494F-97F2-61DA563B4CE2}.Release|x86.ActiveCfg = Release|Any CPU
		{7EE763E8-5ACE-494F-97F2-61DA563B4CE2}.Release|x86.Build.0 = Release|Any CPU
		{1FF64A9D-4E05-4582-80FE-1EDD9F3C82ED}.Debug|Any CPU.ActiveCfg = Debug|Any CPU
		{1FF64A9D-4E05-4582-80FE-1EDD9F3C82ED}.Debug|Any CPU.Build.0 = Debug|Any CPU
		{1FF64A9D-4E05-4582-80FE-1EDD9F3C82ED}.Debug|x64.ActiveCfg = Debug|Any CPU
		{1FF64A9D-4E05-4582-80FE-1EDD9F3C82ED}.Debug|x64.Build.0 = Debug|Any CPU
		{1FF64A9D-4E05-4582-80FE-1EDD9F3C82ED}.Debug|x86.ActiveCfg = Debug|Any CPU
		{1FF64A9D-4E05-4582-80FE-1EDD9F3C82ED}.Debug|x86.Build.0 = Debug|Any CPU
		{1FF64A9D-4E05-4582-80FE-1EDD9F3C82ED}.Release|Any CPU.ActiveCfg = Release|Any CPU
		{1FF64A9D-4E05-4582-80FE-1EDD9F3C82ED}.Release|Any CPU.Build.0 = Release|Any CPU
		{1FF64A9D-4E05-4582-80FE-1EDD9F3C82ED}.Release|x64.ActiveCfg = Release|Any CPU
		{1FF64A9D-4E05-4582-80FE-1EDD9F3C82ED}.Release|x64.Build.0 = Release|Any CPU
		{1FF64A9D-4E05-4582-80FE-1EDD9F3C82ED}.Release|x86.ActiveCfg = Release|Any CPU
		{1FF64A9D-4E05-4582-80FE-1EDD9F3C82ED}.Release|x86.Build.0 = Release|Any CPU
		{CD4BFA6B-84F1-404D-9929-373F8A161741}.Debug|Any CPU.ActiveCfg = Debug|Any CPU
		{CD4BFA6B-84F1-404D-9929-373F8A161741}.Debug|Any CPU.Build.0 = Debug|Any CPU
		{CD4BFA6B-84F1-404D-9929-373F8A161741}.Debug|x64.ActiveCfg = Debug|Any CPU
		{CD4BFA6B-84F1-404D-9929-373F8A161741}.Debug|x64.Build.0 = Debug|Any CPU
		{CD4BFA6B-84F1-404D-9929-373F8A161741}.Debug|x86.ActiveCfg = Debug|Any CPU
		{CD4BFA6B-84F1-404D-9929-373F8A161741}.Debug|x86.Build.0 = Debug|Any CPU
		{CD4BFA6B-84F1-404D-9929-373F8A161741}.Release|Any CPU.ActiveCfg = Release|Any CPU
		{CD4BFA6B-84F1-404D-9929-373F8A161741}.Release|Any CPU.Build.0 = Release|Any CPU
		{CD4BFA6B-84F1-404D-9929-373F8A161741}.Release|x64.ActiveCfg = Release|Any CPU
		{CD4BFA6B-84F1-404D-9929-373F8A161741}.Release|x64.Build.0 = Release|Any CPU
		{CD4BFA6B-84F1-404D-9929-373F8A161741}.Release|x86.ActiveCfg = Release|Any CPU
		{CD4BFA6B-84F1-404D-9929-373F8A161741}.Release|x86.Build.0 = Release|Any CPU
	EndGlobalSection
	GlobalSection(SolutionProperties) = preSolution
		HideSolutionNode = FALSE
	EndGlobalSection
	GlobalSection(ExtensibilityGlobals) = postSolution
		SolutionGuid = {F602103E-82D7-4D13-8D5F-5317143E2173}
	EndGlobalSection
EndGlobal
